
Microsoft Visual Studio Solution File, Format Version 12.00
# Visual Studio 15
VisualStudioVersion = 15.0.28010.2050
MinimumVisualStudioVersion = 10.0.40219.1
Project("{FAE04EC0-301F-11D3-BF4B-00C04F79EFBC}") = "BTL.MobileShop", "BTL.MobileShop\BTL.MobileShop.csproj", "{01069C58-8F3D-4715-975D-A5DF69E4CAFC}"
EndProject
Global
	GlobalSection(SolutionConfigurationPlatforms) = preSolution
		Debug|Any CPU = Debug|Any CPU
		Release|Any CPU = Release|Any CPU
	EndGlobalSection
	GlobalSection(ProjectConfigurationPlatforms) = postSolution
		{01069C58-8F3D-4715-975D-A5DF69E4CAFC}.Debug|Any CPU.ActiveCfg = Debug|Any CPU
		{01069C58-8F3D-4715-975D-A5DF69E4CAFC}.Debug|Any CPU.Build.0 = Debug|Any CPU
		{01069C58-8F3D-4715-975D-A5DF69E4CAFC}.Release|Any CPU.ActiveCfg = Release|Any CPU
		{01069C58-8F3D-4715-975D-A5DF69E4CAFC}.Release|Any CPU.Build.0 = Release|Any CPU
	EndGlobalSection
	GlobalSection(SolutionProperties) = preSolution
		HideSolutionNode = FALSE
	EndGlobalSection
	GlobalSection(ExtensibilityGlobals) = postSolution
		SolutionGuid = {3038AF04-E2EF-4F2A-9F3A-416A425FA964}
	EndGlobalSection
EndGlobal
